
Microsoft Visual Studio Solution File, Format Version 12.00
# Visual Studio Version 17
VisualStudioVersion = 17.9.34622.214
MinimumVisualStudioVersion = 10.0.40219.1
Project("{FAE04EC0-301F-11D3-BF4B-00C04F79EFBC}") = "lojaVirtual.Web", "lojaVirtual.Web\lojaVirtual.Web.csproj", "{5E522D21-C847-4DC0-A498-32E23B30E442}"
EndProject
Project("{FAE04EC0-301F-11D3-BF4B-00C04F79EFBC}") = "lojaVirtualApi", "lojaVirtualApi\lojaVirtualApi.csproj", "{86834ADF-7448-42E6-9332-197FABF04BEF}"
EndProject
Project("{FAE04EC0-301F-11D3-BF4B-00C04F79EFBC}") = "lojaVirtualModels", "lojaVirtualModels\lojaVirtualModels.csproj", "{DE829D79-7037-48F5-871B-9242B6FCAA30}"
EndProject
Global
	GlobalSection(SolutionConfigurationPlatforms) = preSolution
		Debug|Any CPU = Debug|Any CPU
		Release|Any CPU = Release|Any CPU
	EndGlobalSection
	GlobalSection(ProjectConfigurationPlatforms) = postSolution
		{5E522D21-C847-4DC0-A498-32E23B30E442}.Debug|Any CPU.ActiveCfg = Debug|Any CPU
		{5E522D21-C847-4DC0-A498-32E23B30E442}.Debug|Any CPU.Build.0 = Debug|Any CPU
		{5E522D21-C847-4DC0-A498-32E23B30E442}.Release|Any CPU.ActiveCfg = Release|Any CPU
		{5E522D21-C847-4DC0-A498-32E23B30E442}.Release|Any CPU.Build.0 = Release|Any CPU
		{86834ADF-7448-42E6-9332-197FABF04BEF}.Debug|Any CPU.ActiveCfg = Debug|Any CPU
		{86834ADF-7448-42E6-9332-197FABF04BEF}.Debug|Any CPU.Build.0 = Debug|Any CPU
		{86834ADF-7448-42E6-9332-197FABF04BEF}.Release|Any CPU.ActiveCfg = Release|Any CPU
		{86834ADF-7448-42E6-9332-197FABF04BEF}.Release|Any CPU.Build.0 = Release|Any CPU
		{DE829D79-7037-48F5-871B-9242B6FCAA30}.Debug|Any CPU.ActiveCfg = Debug|Any CPU
		{DE829D79-7037-48F5-871B-9242B6FCAA30}.Debug|Any CPU.Build.0 = Debug|Any CPU
		{DE829D79-7037-48F5-871B-9242B6FCAA30}.Release|Any CPU.ActiveCfg = Release|Any CPU
		{DE829D79-7037-48F5-871B-9242B6FCAA30}.Release|Any CPU.Build.0 = Release|Any CPU
	EndGlobalSection
	GlobalSection(SolutionProperties) = preSolution
		HideSolutionNode = FALSE
	EndGlobalSection
	GlobalSection(ExtensibilityGlobals) = postSolution
		SolutionGuid = {E0DE66D1-336F-490E-B0CE-F3023C2BA773}
	EndGlobalSection
EndGlobal
